
Microsoft Visual Studio Solution File, Format Version 12.00
# Visual Studio Version 16
VisualStudioVersion = 16.0.31105.61
MinimumVisualStudioVersion = 10.0.40219.1
Project("{FAE04EC0-301F-11D3-BF4B-00C04F79EFBC}") = "EventCalenderWithMeetLink", "EventCalenderWithMeetLink\EventCalenderWithMeetLink.csproj", "{49163887-A0EE-406B-A95F-9304EF3AE77D}"
EndProject
Global
	GlobalSection(SolutionConfigurationPlatforms) = preSolution
		Debug|Any CPU = Debug|Any CPU
		Release|Any CPU = Release|Any CPU
	EndGlobalSection
	GlobalSection(ProjectConfigurationPlatforms) = postSolution
		{49163887-A0EE-406B-A95F-9304EF3AE77D}.Debug|Any CPU.ActiveCfg = Debug|Any CPU
		{49163887-A0EE-406B-A95F-9304EF3AE77D}.Debug|Any CPU.Build.0 = Debug|Any CPU
		{49163887-A0EE-406B-A95F-9304EF3AE77D}.Release|Any CPU.ActiveCfg = Release|Any CPU
		{49163887-A0EE-406B-A95F-9304EF3AE77D}.Release|Any CPU.Build.0 = Release|Any CPU
	EndGlobalSection
	GlobalSection(SolutionProperties) = preSolution
		HideSolutionNode = FALSE
	EndGlobalSection
	GlobalSection(ExtensibilityGlobals) = postSolution
		SolutionGuid = {E099EB69-AB2E-434E-B093-B4580D7DC11B}
	EndGlobalSection
EndGlobal
